
Microsoft Visual Studio Solution File, Format Version 12.00
# Visual Studio Version 16
VisualStudioVersion = 16.0.31729.503
MinimumVisualStudioVersion = 10.0.40219.1
Project("{FAE04EC0-301F-11D3-BF4B-00C04F79EFBC}") = "Skillbox Homework 4.1", "Skillbox Homework 4.1\Skillbox Homework 4.1.csproj", "{1FD8D224-56B5-4BB7-975B-EEEE09E14D71}"
EndProject
Global
	GlobalSection(SolutionConfigurationPlatforms) = preSolution
		Debug|Any CPU = Debug|Any CPU
		Release|Any CPU = Release|Any CPU
	EndGlobalSection
	GlobalSection(ProjectConfigurationPlatforms) = postSolution
		{1FD8D224-56B5-4BB7-975B-EEEE09E14D71}.Debug|Any CPU.ActiveCfg = Debug|Any CPU
		{1FD8D224-56B5-4BB7-975B-EEEE09E14D71}.Debug|Any CPU.Build.0 = Debug|Any CPU
		{1FD8D224-56B5-4BB7-975B-EEEE09E14D71}.Release|Any CPU.ActiveCfg = Release|Any CPU
		{1FD8D224-56B5-4BB7-975B-EEEE09E14D71}.Release|Any CPU.Build.0 = Release|Any CPU
	EndGlobalSection
	GlobalSection(SolutionProperties) = preSolution
		HideSolutionNode = FALSE
	EndGlobalSection
	GlobalSection(ExtensibilityGlobals) = postSolution
		SolutionGuid = {ABCFF2DB-ABC5-4EC3-98AC-9AB3F2E7323F}
	EndGlobalSection
EndGlobal
