
Microsoft Visual Studio Solution File, Format Version 12.00
# Visual Studio Version 16
VisualStudioVersion = 16.0.31729.503
MinimumVisualStudioVersion = 10.0.40219.1
Project("{FAE04EC0-301F-11D3-BF4B-00C04F79EFBC}") = "Skillbox Homework 4.3", "Skillbox Homework 4.3\Skillbox Homework 4.3.csproj", "{BE99857A-280B-4856-8D67-F1B37DAD573D}"
EndProject
Global
	GlobalSection(SolutionConfigurationPlatforms) = preSolution
		Debug|Any CPU = Debug|Any CPU
		Release|Any CPU = Release|Any CPU
	EndGlobalSection
	GlobalSection(ProjectConfigurationPlatforms) = postSolution
		{BE99857A-280B-4856-8D67-F1B37DAD573D}.Debug|Any CPU.ActiveCfg = Debug|Any CPU
		{BE99857A-280B-4856-8D67-F1B37DAD573D}.Debug|Any CPU.Build.0 = Debug|Any CPU
		{BE99857A-280B-4856-8D67-F1B37DAD573D}.Release|Any CPU.ActiveCfg = Release|Any CPU
		{BE99857A-280B-4856-8D67-F1B37DAD573D}.Release|Any CPU.Build.0 = Release|Any CPU
	EndGlobalSection
	GlobalSection(SolutionProperties) = preSolution
		HideSolutionNode = FALSE
	EndGlobalSection
	GlobalSection(ExtensibilityGlobals) = postSolution
		SolutionGuid = {E8D3DC3A-7FBA-416F-AEFB-FC07A1503ACC}
	EndGlobalSection
EndGlobal
