
Microsoft Visual Studio Solution File, Format Version 12.00
# Visual Studio Version 16
VisualStudioVersion = 16.0.31729.503
MinimumVisualStudioVersion = 10.0.40219.1
Project("{FAE04EC0-301F-11D3-BF4B-00C04F79EFBC}") = "Skillbox Homework 9.1", "Skillbox Homework 9.1\Skillbox Homework 9.1.csproj", "{14BA4C98-9769-43E8-8FFD-1E0029EBD540}"
EndProject
Global
	GlobalSection(SolutionConfigurationPlatforms) = preSolution
		Debug|Any CPU = Debug|Any CPU
		Release|Any CPU = Release|Any CPU
	EndGlobalSection
	GlobalSection(ProjectConfigurationPlatforms) = postSolution
		{14BA4C98-9769-43E8-8FFD-1E0029EBD540}.Debug|Any CPU.ActiveCfg = Debug|Any CPU
		{14BA4C98-9769-43E8-8FFD-1E0029EBD540}.Debug|Any CPU.Build.0 = Debug|Any CPU
		{14BA4C98-9769-43E8-8FFD-1E0029EBD540}.Release|Any CPU.ActiveCfg = Release|Any CPU
		{14BA4C98-9769-43E8-8FFD-1E0029EBD540}.Release|Any CPU.Build.0 = Release|Any CPU
	EndGlobalSection
	GlobalSection(SolutionProperties) = preSolution
		HideSolutionNode = FALSE
	EndGlobalSection
	GlobalSection(ExtensibilityGlobals) = postSolution
		SolutionGuid = {E0DA099C-D34C-4338-A129-5F32E3C1E471}
	EndGlobalSection
EndGlobal
